// !$*UTF8*$!
{
	archiveVersion = 1;
	classes = {
	};
	objectVersion = 50;
	objects = {

/* Begin PBXBuildFile section */
		A98227A46296B44576D2CBD3 /* Pods_HPHeather.framework in Frameworks */ = {isa = PBXBuildFile; fileRef = 4912FAE16D6D177E9F37CC5F /* Pods_HPHeather.framework */; };
		EA535D2521D9B98300070556 /* AppDelegate.swift in Sources */ = {isa = PBXBuildFile; fileRef = EA535D2421D9B98300070556 /* AppDelegate.swift */; };
		EA535D2A21D9B98300070556 /* Main.storyboard in Resources */ = {isa = PBXBuildFile; fileRef = EA535D2821D9B98300070556 /* Main.storyboard */; };
		EA535D2C21D9B98500070556 /* Assets.xcassets in Resources */ = {isa = PBXBuildFile; fileRef = EA535D2B21D9B98500070556 /* Assets.xcassets */; };
		EA535D2F21D9B98500070556 /* LaunchScreen.storyboard in Resources */ = {isa = PBXBuildFile; fileRef = EA535D2D21D9B98500070556 /* LaunchScreen.storyboard */; };
		EA535D3721D9BC8C00070556 /* HPHeather.swift in Sources */ = {isa = PBXBuildFile; fileRef = EA535D3621D9BC8C00070556 /* HPHeather.swift */; };
/* End PBXBuildFile section */

/* Begin PBXFileReference section */
		4912FAE16D6D177E9F37CC5F /* Pods_HPHeather.framework */ = {isa = PBXFileReference; explicitFileType = wrapper.framework; includeInIndex = 0; path = Pods_HPHeather.framework; sourceTree = BUILT_PRODUCTS_DIR; };
		7869404458425D9905DC4416 /* Pods-HPHeather.debug.xcconfig */ = {isa = PBXFileReference; includeInIndex = 1; lastKnownFileType = text.xcconfig; name = "Pods-HPHeather.debug.xcconfig"; path = "Target Support Files/Pods-HPHeather/Pods-HPHeather.debug.xcconfig"; sourceTree = "<group>"; };
		857F169E27A599CDDB9A0CDF /* Pods-HPHeather.release.xcconfig */ = {isa = PBXFileReference; includeInIndex = 1; lastKnownFileType = text.xcconfig; name = "Pods-HPHeather.release.xcconfig"; path = "Target Support Files/Pods-HPHeather/Pods-HPHeather.release.xcconfig"; sourceTree = "<group>"; };
		EA535D2121D9B98300070556 /* HPHeather.app */ = {isa = PBXFileReference; explicitFileType = wrapper.application; includeInIndex = 0; path = HPHeather.app; sourceTree = BUILT_PRODUCTS_DIR; };
		EA535D2421D9B98300070556 /* AppDelegate.swift */ = {isa = PBXFileReference; lastKnownFileType = sourcecode.swift; path = AppDelegate.swift; sourceTree = "<group>"; };
		EA535D2921D9B98300070556 /* Base */ = {isa = PBXFileReference; lastKnownFileType = file.storyboard; name = Base; path = Base.lproj/Main.storyboard; sourceTree = "<group>"; };
		EA535D2B21D9B98500070556 /* Assets.xcassets */ = {isa = PBXFileReference; lastKnownFileType = folder.assetcatalog; path = Assets.xcassets; sourceTree = "<group>"; };
		EA535D2E21D9B98500070556 /* Base */ = {isa = PBXFileReference; lastKnownFileType = file.storyboard; name = Base; path = Base.lproj/LaunchScreen.storyboard; sourceTree = "<group>"; };
		EA535D3021D9B98500070556 /* Info.plist */ = {isa = PBXFileReference; lastKnownFileType = text.plist.xml; path = Info.plist; sourceTree = "<group>"; };
		EA535D3621D9BC8C00070556 /* HPHeather.swift */ = {isa = PBXFileReference; fileEncoding = 4; lastKnownFileType = sourcecode.swift; path = HPHeather.swift; sourceTree = "<group>"; };
		EA535D3821D9BD3300070556 /* HPHeather-Bridging-Header.h */ = {isa = PBXFileReference; lastKnownFileType = sourcecode.c.h; path = "HPHeather-Bridging-Header.h"; sourceTree = "<group>"; };
/* End PBXFileReference section */

/* Begin PBXFrameworksBuildPhase section */
		EA535D1E21D9B98300070556 /* Frameworks */ = {
			isa = PBXFrameworksBuildPhase;
			buildActionMask = 2147483647;
			files = (
				A98227A46296B44576D2CBD3 /* Pods_HPHeather.framework in Frameworks */,
			);
			runOnlyForDeploymentPostprocessing = 0;
		};
/* End PBXFrameworksBuildPhase section */

/* Begin PBXGroup section */
		690870A527CF6C31842B929E /* Frameworks */ = {
			isa = PBXGroup;
			children = (
				4912FAE16D6D177E9F37CC5F /* Pods_HPHeather.framework */,
			);
			name = Frameworks;
			sourceTree = "<group>";
		};
		EA535D1821D9B98300070556 = {
			isa = PBXGroup;
			children = (
				EA535D2321D9B98300070556 /* HPHeather */,
				EA535D2221D9B98300070556 /* Products */,
				F83ABD39E4B54C249898E967 /* Pods */,
				690870A527CF6C31842B929E /* Frameworks */,
			);
			sourceTree = "<group>";
		};
		EA535D2221D9B98300070556 /* Products */ = {
			isa = PBXGroup;
			children = (
				EA535D2121D9B98300070556 /* HPHeather.app */,
			);
			name = Products;
			sourceTree = "<group>";
		};
		EA535D2321D9B98300070556 /* HPHeather */ = {
			isa = PBXGroup;
			children = (
				EA535D3821D9BD3300070556 /* HPHeather-Bridging-Header.h */,
				EA535D2421D9B98300070556 /* AppDelegate.swift */,
				EA535D3621D9BC8C00070556 /* HPHeather.swift */,
				EA535D2821D9B98300070556 /* Main.storyboard */,
				EA535D2B21D9B98500070556 /* Assets.xcassets */,
				EA535D2D21D9B98500070556 /* LaunchScreen.storyboard */,
				EA535D3021D9B98500070556 /* Info.plist */,
			);
			path = HPHeather;
			sourceTree = "<group>";
		};
		F83ABD39E4B54C249898E967 /* Pods */ = {
			isa = PBXGroup;
			children = (
				7869404458425D9905DC4416 /* Pods-HPHeather.debug.xcconfig */,
				857F169E27A599CDDB9A0CDF /* Pods-HPHeather.release.xcconfig */,
			);
			path = Pods;
			sourceTree = "<group>";
		};
/* End PBXGroup section */

/* Begin PBXNativeTarget section */
		EA535D2021D9B98300070556 /* HPHeather */ = {
			isa = PBXNativeTarget;
			buildConfigurationList = EA535D3321D9B98500070556 /* Build configuration list for PBXNativeTarget "HPHeather" */;
			buildPhases = (
				BA608C8F3FE072ACB5C9FE60 /* [CP] Check Pods Manifest.lock */,
				EA535D1D21D9B98300070556 /* Sources */,
				EA535D1E21D9B98300070556 /* Frameworks */,
				EA535D1F21D9B98300070556 /* Resources */,
				0FD3C524A8469C8D8F7CE05C /* [CP] Embed Pods Frameworks */,
				1082D8DE5EF07155F2390914 /* [CP] Copy Pods Resources */,
			);
			buildRules = (
			);
			dependencies = (
			);
			name = HPHeather;
			productName = HPHeather;
			productReference = EA535D2121D9B98300070556 /* HPHeather.app */;
			productType = "com.apple.product-type.application";
		};
/* End PBXNativeTarget section */

/* Begin PBXProject section */
		EA535D1921D9B98300070556 /* Project object */ = {
			isa = PBXProject;
			attributes = {
				LastSwiftUpdateCheck = 1010;
				LastUpgradeCheck = 1010;
				ORGANIZATIONNAME = "诸葛找房";
				TargetAttributes = {
					EA535D2021D9B98300070556 = {
						CreatedOnToolsVersion = 10.1;
						LastSwiftMigration = 1010;
					};
				};
			};
			buildConfigurationList = EA535D1C21D9B98300070556 /* Build configuration list for PBXProject "HPHeather" */;
			compatibilityVersion = "Xcode 9.3";
			developmentRegion = en;
			hasScannedForEncodings = 0;
			knownRegions = (
				en,
				Base,
			);
			mainGroup = EA535D1821D9B98300070556;
			productRefGroup = EA535D2221D9B98300070556 /* Products */;
			projectDirPath = "";
			projectRoot = "";
			targets = (
				EA535D2021D9B98300070556 /* HPHeather */,
			);
		};
/* End PBXProject section */

/* Begin PBXResourcesBuildPhase section */
		EA535D1F21D9B98300070556 /* Resources */ = {
			isa = PBXResourcesBuildPhase;
			buildActionMask = 2147483647;
			files = (
				EA535D2F21D9B98500070556 /* LaunchScreen.storyboard in Resources */,
				EA535D2C21D9B98500070556 /* Assets.xcassets in Resources */,
				EA535D2A21D9B98300070556 /* Main.storyboard in Resources */,
			);
			runOnlyForDeploymentPostprocessing = 0;
		};
/* End PBXResourcesBuildPhase section */

/* Begin PBXShellScriptBuildPhase section */
		0FD3C524A8469C8D8F7CE05C /* [CP] Embed Pods Frameworks */ = {
			isa = PBXShellScriptBuildPhase;
			buildActionMask = 2147483647;
			files = (
			);
			inputFileListPaths = (
			);
			inputPaths = (
				"${PODS_ROOT}/Target Support Files/Pods-HPHeather/Pods-HPHeather-frameworks.sh",
				"${PODS_ROOT}/HHDoctorSDK/HHDoctorSDK/HHDoctorSDK.framework",
				"${PODS_ROOT}/HHDoctorSDK/HHDoctorSDK/NIMAVChat.framework",
				"${PODS_ROOT}/HHDoctorSDK/HHDoctorSDK/NIMSDK.framework",
				"${PODS_ROOT}/HHDoctorSDK/HHDoctorSDK/NMC.framework",
				"${BUILT_PRODUCTS_DIR}/RxAtomic/RxAtomic.framework",
				"${BUILT_PRODUCTS_DIR}/RxCocoa/RxCocoa.framework",
				"${BUILT_PRODUCTS_DIR}/RxSwift/RxSwift.framework",
				"${BUILT_PRODUCTS_DIR}/SnapKit/SnapKit.framework",
				"${BUILT_PRODUCTS_DIR}/SwiftyJSON/SwiftyJSON.framework",
			);
			name = "[CP] Embed Pods Frameworks";
			outputFileListPaths = (
			);
			outputPaths = (
				"${TARGET_BUILD_DIR}/${FRAMEWORKS_FOLDER_PATH}/HHDoctorSDK.framework",
				"${TARGET_BUILD_DIR}/${FRAMEWORKS_FOLDER_PATH}/NIMAVChat.framework",
				"${TARGET_BUILD_DIR}/${FRAMEWORKS_FOLDER_PATH}/NIMSDK.framework",
				"${TARGET_BUILD_DIR}/${FRAMEWORKS_FOLDER_PATH}/NMC.framework",
				"${TARGET_BUILD_DIR}/${FRAMEWORKS_FOLDER_PATH}/RxAtomic.framework",
				"${TARGET_BUILD_DIR}/${FRAMEWORKS_FOLDER_PATH}/RxCocoa.framework",
				"${TARGET_BUILD_DIR}/${FRAMEWORKS_FOLDER_PATH}/RxSwift.framework",
				"${TARGET_BUILD_DIR}/${FRAMEWORKS_FOLDER_PATH}/SnapKit.framework",
				"${TARGET_BUILD_DIR}/${FRAMEWORKS_FOLDER_PATH}/SwiftyJSON.framework",
			);
			runOnlyForDeploymentPostprocessing = 0;
			shellPath = /bin/sh;
			shellScript = "\"${PODS_ROOT}/Target Support Files/Pods-HPHeather/Pods-HPHeather-frameworks.sh\"\n";
			showEnvVarsInLog = 0;
		};
		1082D8DE5EF07155F2390914 /* [CP] Copy Pods Resources */ = {
			isa = PBXShellScriptBuildPhase;
			buildActionMask = 2147483647;
			files = (
			);
			inputFileListPaths = (
			);
			inputPaths = (
				"${PODS_ROOT}/Target Support Files/Pods-HPHeather/Pods-HPHeather-resources.sh",
				"${PODS_ROOT}/AlipaySDK-iOS/AlipaySDK.bundle",
				"${PODS_ROOT}/HHDoctorSDK/HHDoctorSDK/resources/NMCVideoFilter.bundle",
				"${PODS_ROOT}/HHDoctorSDK/HHDoctorSDK/resources/SecurityKit.bundle",
				"${PODS_ROOT}/mob_sharesdk/SDK/ShareSDK/Support/Required/ShareSDK.bundle",
				"${PODS_ROOT}/mob_sharesdk/SDK/ShareSDK/Support/Optional/ShareSDKUI.bundle",
			);
			name = "[CP] Copy Pods Resources";
			outputFileListPaths = (
			);
			outputPaths = (
				"${TARGET_BUILD_DIR}/${UNLOCALIZED_RESOURCES_FOLDER_PATH}/AlipaySDK.bundle",
				"${TARGET_BUILD_DIR}/${UNLOCALIZED_RESOURCES_FOLDER_PATH}/NMCVideoFilter.bundle",
				"${TARGET_BUILD_DIR}/${UNLOCALIZED_RESOURCES_FOLDER_PATH}/SecurityKit.bundle",
				"${TARGET_BUILD_DIR}/${UNLOCALIZED_RESOURCES_FOLDER_PATH}/ShareSDK.bundle",
				"${TARGET_BUILD_DIR}/${UNLOCALIZED_RESOURCES_FOLDER_PATH}/ShareSDKUI.bundle",
			);
			runOnlyForDeploymentPostprocessing = 0;
			shellPath = /bin/sh;
			shellScript = "\"${PODS_ROOT}/Target Support Files/Pods-HPHeather/Pods-HPHeather-resources.sh\"\n";
			showEnvVarsInLog = 0;
		};
		BA608C8F3FE072ACB5C9FE60 /* [CP] Check Pods Manifest.lock */ = {
			isa = PBXShellScriptBuildPhase;
			buildActionMask = 2147483647;
			files = (
			);
			inputFileListPaths = (
			);
			inputPaths = (
				"${PODS_PODFILE_DIR_PATH}/Podfile.lock",
				"${PODS_ROOT}/Manifest.lock",
			);
			name = "[CP] Check Pods Manifest.lock";
			outputFileListPaths = (
			);
			outputPaths = (
				"$(DERIVED_FILE_DIR)/Pods-HPHeather-checkManifestLockResult.txt",
			);
			runOnlyForDeploymentPostprocessing = 0;
			shellPath = /bin/sh;
			shellScript = "diff \"${PODS_PODFILE_DIR_PATH}/Podfile.lock\" \"${PODS_ROOT}/Manifest.lock\" > /dev/null\nif [ $? != 0 ] ; then\n    # print error to STDERR\n    echo \"error: The sandbox is not in sync with the Podfile.lock. Run 'pod install' or update your CocoaPods installation.\" >&2\n    exit 1\nfi\n# This output is used by Xcode 'outputs' to avoid re-running this script phase.\necho \"SUCCESS\" > \"${SCRIPT_OUTPUT_FILE_0}\"\n";
			showEnvVarsInLog = 0;
		};
/* End PBXShellScriptBuildPhase section */

/* Begin PBXSourcesBuildPhase section */
		EA535D1D21D9B98300070556 /* Sources */ = {
			isa = PBXSourcesBuildPhase;
			buildActionMask = 2147483647;
			files = (
				EA535D2521D9B98300070556 /* AppDelegate.swift in Sources */,
				EA535D3721D9BC8C00070556 /* HPHeather.swift in Sources */,
			);
			runOnlyForDeploymentPostprocessing = 0;
		};
/* End PBXSourcesBuildPhase section */

/* Begin PBXVariantGroup section */
		EA535D2821D9B98300070556 /* Main.storyboard */ = {
			isa = PBXVariantGroup;
			children = (
				EA535D2921D9B98300070556 /* Base */,
			);
			name = Main.storyboard;
			sourceTree = "<group>";
		};
		EA535D2D21D9B98500070556 /* LaunchScreen.storyboard */ = {
			isa = PBXVariantGroup;
			children = (
				EA535D2E21D9B98500070556 /* Base */,
			);
			name = LaunchScreen.storyboard;
			sourceTree = "<group>";
		};
/* End PBXVariantGroup section */

/* Begin XCBuildConfiguration section */
		EA535D3121D9B98500070556 /* Debug */ = {
			isa = XCBuildConfiguration;
			buildSettings = {
				ALWAYS_SEARCH_USER_PATHS = NO;
				CLANG_ANALYZER_NONNULL = YES;
				CLANG_ANALYZER_NUMBER_OBJECT_CONVERSION = YES_AGGRESSIVE;
				CLANG_CXX_LANGUAGE_STANDARD = "gnu++14";
				CLANG_CXX_LIBRARY = "libc++";
				CLANG_ENABLE_MODULES = YES;
				CLANG_ENABLE_OBJC_ARC = YES;
				CLANG_ENABLE_OBJC_WEAK = YES;
				CLANG_WARN_BLOCK_CAPTURE_AUTORELEASING = YES;
				CLANG_WARN_BOOL_CONVERSION = YES;
				CLANG_WARN_COMMA = YES;
				CLANG_WARN_CONSTANT_CONVERSION = YES;
				CLANG_WARN_DEPRECATED_OBJC_IMPLEMENTATIONS = YES;
				CLANG_WARN_DIRECT_OBJC_ISA_USAGE = YES_ERROR;
				CLANG_WARN_DOCUMENTATION_COMMENTS = YES;
				CLANG_WARN_EMPTY_BODY = YES;
				CLANG_WARN_ENUM_CONVERSION = YES;
				CLANG_WARN_INFINITE_RECURSION = YES;
				CLANG_WARN_INT_CONVERSION = YES;
				CLANG_WARN_NON_LITERAL_NULL_CONVERSION = YES;
				CLANG_WARN_OBJC_IMPLICIT_RETAIN_SELF = YES;
				CLANG_WARN_OBJC_LITERAL_CONVERSION = YES;
				CLANG_WARN_OBJC_ROOT_CLASS = YES_ERROR;
				CLANG_WARN_RANGE_LOOP_ANALYSIS = YES;
				CLANG_WARN_STRICT_PROTOTYPES = YES;
				CLANG_WARN_SUSPICIOUS_MOVE = YES;
				CLANG_WARN_UNGUARDED_AVAILABILITY = YES_AGGRESSIVE;
				CLANG_WARN_UNREACHABLE_CODE = YES;
				CLANG_WARN__DUPLICATE_METHOD_MATCH = YES;
				CODE_SIGN_IDENTITY = "iPhone Developer";
				COPY_PHASE_STRIP = NO;
				DEBUG_INFORMATION_FORMAT = dwarf;
				ENABLE_STRICT_OBJC_MSGSEND = YES;
				ENABLE_TESTABILITY = YES;
				GCC_C_LANGUAGE_STANDARD = gnu11;
				GCC_DYNAMIC_NO_PIC = NO;
				GCC_NO_COMMON_BLOCKS = YES;
				GCC_OPTIMIZATION_LEVEL = 0;
				GCC_PREPROCESSOR_DEFINITIONS = (
					"DEBUG=1",
					"$(inherited)",
				);
				GCC_WARN_64_TO_32_BIT_CONVERSION = YES;
				GCC_WARN_ABOUT_RETURN_TYPE = YES_ERROR;
				GCC_WARN_UNDECLARED_SELECTOR = YES;
				GCC_WARN_UNINITIALIZED_AUTOS = YES_AGGRESSIVE;
				GCC_WARN_UNUSED_FUNCTION = YES;
				GCC_WARN_UNUSED_VARIABLE = YES;
				IPHONEOS_DEPLOYMENT_TARGET = 12.1;
				MTL_ENABLE_DEBUG_INFO = INCLUDE_SOURCE;
				MTL_FAST_MATH = YES;
				ONLY_ACTIVE_ARCH = YES;
				SDKROOT = iphoneos;
				SWIFT_ACTIVE_COMPILATION_CONDITIONS = DEBUG;
				SWIFT_OPTIMIZATION_LEVEL = "-Onone";
			};
			name = Debug;
		};
		EA535D3221D9B98500070556 /* Release */ = {
			isa = XCBuildConfiguration;
			buildSettings = {
				ALWAYS_SEARCH_USER_PATHS = NO;
				CLANG_ANALYZER_NONNULL = YES;
				CLANG_ANALYZER_NUMBER_OBJECT_CONVERSION = YES_AGGRESSIVE;
				CLANG_CXX_LANGUAGE_STANDARD = "gnu++14";
				CLANG_CXX_LIBRARY = "libc++";
				CLANG_ENABLE_MODULES = YES;
				CLANG_ENABLE_OBJC_ARC = YES;
				CLANG_ENABLE_OBJC_WEAK = YES;
				CLANG_WARN_BLOCK_CAPTURE_AUTORELEASING = YES;
				CLANG_WARN_BOOL_CONVERSION = YES;
				CLANG_WARN_COMMA = YES;
				CLANG_WARN_CONSTANT_CONVERSION = YES;
				CLANG_WARN_DEPRECATED_OBJC_IMPLEMENTATIONS = YES;
				CLANG_WARN_DIRECT_OBJC_ISA_USAGE = YES_ERROR;
				CLANG_WARN_DOCUMENTATION_COMMENTS = YES;
				CLANG_WARN_EMPTY_BODY = YES;
				CLANG_WARN_ENUM_CONVERSION = YES;
				CLANG_WARN_INFINITE_RECURSION = YES;
				CLANG_WARN_INT_CONVERSION = YES;
				CLANG_WARN_NON_LITERAL_NULL_CONVERSION = YES;
				CLANG_WARN_OBJC_IMPLICIT_RETAIN_SELF = YES;
				CLANG_WARN_OBJC_LITERAL_CONVERSION = YES;
				CLANG_WARN_OBJC_ROOT_CLASS = YES_ERROR;
				CLANG_WARN_RANGE_LOOP_ANALYSIS = YES;
				CLANG_WARN_STRICT_PROTOTYPES = YES;
				CLANG_WARN_SUSPICIOUS_MOVE = YES;
				CLANG_WARN_UNGUARDED_AVAILABILITY = YES_AGGRESSIVE;
				CLANG_WARN_UNREACHABLE_CODE = YES;
				CLANG_WARN__DUPLICATE_METHOD_MATCH = YES;
				CODE_SIGN_IDENTITY = "iPhone Developer";
				COPY_PHASE_STRIP = NO;
				DEBUG_INFORMATION_FORMAT = "dwarf-with-dsym";
				ENABLE_NS_ASSERTIONS = NO;
				ENABLE_STRICT_OBJC_MSGSEND = YES;
				GCC_C_LANGUAGE_STANDARD = gnu11;
				GCC_NO_COMMON_BLOCKS = YES;
				GCC_WARN_64_TO_32_BIT_CONVERSION = YES;
				GCC_WARN_ABOUT_RETURN_TYPE = YES_ERROR;
				GCC_WARN_UNDECLARED_SELECTOR = YES;
				GCC_WARN_UNINITIALIZED_AUTOS = YES_AGGRESSIVE;
				GCC_WARN_UNUSED_FUNCTION = YES;
				GCC_WARN_UNUSED_VARIABLE = YES;
				IPHONEOS_DEPLOYMENT_TARGET = 12.1;
				MTL_ENABLE_DEBUG_INFO = NO;
				MTL_FAST_MATH = YES;
				SDKROOT = iphoneos;
				SWIFT_COMPILATION_MODE = wholemodule;
				SWIFT_OPTIMIZATION_LEVEL = "-O";
				VALIDATE_PRODUCT = YES;
			};
			name = Release;
		};
		EA535D3421D9B98500070556 /* Debug */ = {
			isa = XCBuildConfiguration;
			baseConfigurationReference = 7869404458425D9905DC4416 /* Pods-HPHeather.debug.xcconfig */;
			buildSettings = {
				ASSETCATALOG_COMPILER_APPICON_NAME = AppIcon;
				CLANG_ENABLE_MODULES = YES;
				CODE_SIGN_IDENTITY = "iPhone Developer";
				CODE_SIGN_STYLE = Automatic;
				DEVELOPMENT_TEAM = 6Q52DP5P8X;
				ENABLE_BITCODE = NO;
				INFOPLIST_FILE = HPHeather/Info.plist;
				IPHONEOS_DEPLOYMENT_TARGET = 9.0;
				LD_RUNPATH_SEARCH_PATHS = (
					"$(inherited)",
					"@executable_path/Frameworks",
				);
				PRODUCT_BUNDLE_IDENTIFIER = com.xiaomabao.hpheather;
				PRODUCT_NAME = "$(TARGET_NAME)";
				PROVISIONING_PROFILE_SPECIFIER = "";
				SWIFT_OBJC_BRIDGING_HEADER = "HPHeather/HPHeather-Bridging-Header.h";
				SWIFT_OPTIMIZATION_LEVEL = "-Onone";
				SWIFT_VERSION = 4.2;
				TARGETED_DEVICE_FAMILY = "1,2";
			};
			name = Debug;
		};
		EA535D3521D9B98500070556 /* Release */ = {
			isa = XCBuildConfiguration;
			baseConfigurationReference = 857F169E27A599CDDB9A0CDF /* Pods-HPHeather.release.xcconfig */;
			buildSettings = {
				ASSETCATALOG_COMPILER_APPICON_NAME = AppIcon;
				CLANG_ENABLE_MODULES = YES;
				CODE_SIGN_IDENTITY = "iPhone Developer";
				CODE_SIGN_STYLE = Automatic;
				DEVELOPMENT_TEAM = 6Q52DP5P8X;
				ENABLE_BITCODE = NO;
				INFOPLIST_FILE = HPHeather/Info.plist;
				IPHONEOS_DEPLOYMENT_TARGET = 9.0;
				LD_RUNPATH_SEARCH_PATHS = (
					"$(inherited)",
					"@executable_path/Frameworks",
				);
				PRODUCT_BUNDLE_IDENTIFIER = com.xiaomabao.hpheather;
				PRODUCT_NAME = "$(TARGET_NAME)";
				PROVISIONING_PROFILE_SPECIFIER = "";
				SWIFT_OBJC_BRIDGING_HEADER = "HPHeather/HPHeather-Bridging-Header.h";
				SWIFT_VERSION = 4.2;
				TARGETED_DEVICE_FAMILY = "1,2";
			};
			name = Release;
		};
/* End XCBuildConfiguration section */

/* Begin XCConfigurationList section */
		EA535D1C21D9B98300070556 /* Build configuration list for PBXProject "HPHeather" */ = {
			isa = XCConfigurationList;
			buildConfigurations = (
				EA535D3121D9B98500070556 /* Debug */,
				EA535D3221D9B98500070556 /* Release */,
			);
			defaultConfigurationIsVisible = 0;
			defaultConfigurationName = Release;
		};
		EA535D3321D9B98500070556 /* Build configuration list for PBXNativeTarget "HPHeather" */ = {
			isa = XCConfigurationList;
			buildConfigurations = (
				EA535D3421D9B98500070556 /* Debug */,
				EA535D3521D9B98500070556 /* Release */,
			);
			defaultConfigurationIsVisible = 0;
			defaultConfigurationName = Release;
		};
/* End XCConfigurationList section */
	};
	rootObject = EA535D1921D9B98300070556 /* Project object */;
}
